Microsoft Visual Studio Solution File, Format Version 12.00
# Visual Studio Version 16
VisualStudioVersion = 16.0.0.0
MinimumVisualStudioVersion = 16.0.0.0
Project("{9A19103F-16F7-4668-BE54-9A1E7A4F7556}") = "Cinema.Server", "Server\Cinema.Server.csproj", "{78EC04E0-DB36-4D6D-BFD8-D58C6F09DC7E}"
EndProject
Project("{9A19103F-16F7-4668-BE54-9A1E7A4F7556}") = "Cinema.Client", "Client\Cinema.Client.csproj", "{66AD1841-F394-4F66-BBF6-FC1A41559284}"
EndProject
Project("{9A19103F-16F7-4668-BE54-9A1E7A4F7556}") = "Cinema.Shared", "Shared\Cinema.Shared.csproj", "{044338CD-918F-43D0-A8F4-81B0D457CE95}"
EndProject
Global
	GlobalSection(SolutionConfigurationPlatforms) = preSolution
		Debug|Any CPU = Debug|Any CPU
		Debug|x64 = Debug|x64
		Debug|x86 = Debug|x86
		Release|Any CPU = Release|Any CPU
		Release|x64 = Release|x64
		Release|x86 = Release|x86
	EndGlobalSection
	GlobalSection(ProjectConfigurationPlatforms) = postSolution
		{66AD1841-F394-4F66-BBF6-FC1A41559284}.Debug|Any CPU.ActiveCfg = Debug|Any CPU
		{66AD1841-F394-4F66-BBF6-FC1A41559284}.Debug|Any CPU.Build.0 = Debug|Any CPU
		{66AD1841-F394-4F66-BBF6-FC1A41559284}.Debug|x64.ActiveCfg = Debug|Any CPU
		{66AD1841-F394-4F66-BBF6-FC1A41559284}.Debug|x64.Build.0 = Debug|Any CPU
		{66AD1841-F394-4F66-BBF6-FC1A41559284}.Debug|x86.ActiveCfg = Debug|Any CPU
		{66AD1841-F394-4F66-BBF6-FC1A41559284}.Debug|x86.Build.0 = Debug|Any CPU
		{66AD1841-F394-4F66-BBF6-FC1A41559284}.Release|Any CPU.ActiveCfg = Release|Any CPU
		{66AD1841-F394-4F66-BBF6-FC1A41559284}.Release|Any CPU.Build.0 = Release|Any CPU
		{66AD1841-F394-4F66-BBF6-FC1A41559284}.Release|x64.ActiveCfg = Release|Any CPU
		{66AD1841-F394-4F66-BBF6-FC1A41559284}.Release|x64.Build.0 = Release|Any CPU
		{66AD1841-F394-4F66-BBF6-FC1A41559284}.Release|x86.ActiveCfg = Release|Any CPU
		{66AD1841-F394-4F66-BBF6-FC1A41559284}.Release|x86.Build.0 = Release|Any CPU
		{78EC04E0-DB36-4D6D-BFD8-D58C6F09DC7E}.Debug|Any CPU.ActiveCfg = Debug|Any CPU
		{78EC04E0-DB36-4D6D-BFD8-D58C6F09DC7E}.Debug|Any CPU.Build.0 = Debug|Any CPU
		{78EC04E0-DB36-4D6D-BFD8-D58C6F09DC7E}.Debug|x64.ActiveCfg = Debug|Any CPU
		{78EC04E0-DB36-4D6D-BFD8-D58C6F09DC7E}.Debug|x64.Build.0 = Debug|Any CPU
		{78EC04E0-DB36-4D6D-BFD8-D58C6F09DC7E}.Debug|x86.ActiveCfg = Debug|Any CPU
		{78EC04E0-DB36-4D6D-BFD8-D58C6F09DC7E}.Debug|x86.Build.0 = Debug|Any CPU
		{78EC04E0-DB36-4D6D-BFD8-D58C6F09DC7E}.Release|Any CPU.ActiveCfg = Release|Any CPU
		{78EC04E0-DB36-4D6D-BFD8-D58C6F09DC7E}.Release|Any CPU.Build.0 = Release|Any CPU
		{78EC04E0-DB36-4D6D-BFD8-D58C6F09DC7E}.Release|x64.ActiveCfg = Release|Any CPU
		{78EC04E0-DB36-4D6D-BFD8-D58C6F09DC7E}.Release|x64.Build.0 = Release|Any CPU
		{78EC04E0-DB36-4D6D-BFD8-D58C6F09DC7E}.Release|x86.ActiveCfg = Release|Any CPU
		{78EC04E0-DB36-4D6D-BFD8-D58C6F09DC7E}.Release|x86.Build.0 = Release|Any CPU
		{044338CD-918F-43D0-A8F4-81B0D457CE95}.Debug|Any CPU.ActiveCfg = Debug|Any CPU
		{044338CD-918F-43D0-A8F4-81B0D457CE95}.Debug|Any CPU.Build.0 = Debug|Any CPU
		{044338CD-918F-43D0-A8F4-81B0D457CE95}.Debug|x64.ActiveCfg = Debug|Any CPU
		{044338CD-918F-43D0-A8F4-81B0D457CE95}.Debug|x64.Build.0 = Debug|Any CPU
		{044338CD-918F-43D0-A8F4-81B0D457CE95}.Debug|x86.ActiveCfg = Debug|Any CPU
		{044338CD-918F-43D0-A8F4-81B0D457CE95}.Debug|x86.Build.0 = Debug|Any CPU
		{044338CD-918F-43D0-A8F4-81B0D457CE95}.Release|Any CPU.ActiveCfg = Release|Any CPU
		{044338CD-918F-43D0-A8F4-81B0D457CE95}.Release|Any CPU.Build.0 = Release|Any CPU
		{044338CD-918F-43D0-A8F4-81B0D457CE95}.Release|x64.ActiveCfg = Release|Any CPU
		{044338CD-918F-43D0-A8F4-81B0D457CE95}.Release|x64.Build.0 = Release|Any CPU
		{044338CD-918F-43D0-A8F4-81B0D457CE95}.Release|x86.ActiveCfg = Release|Any CPU
		{044338CD-918F-43D0-A8F4-81B0D457CE95}.Release|x86.Build.0 = Release|Any CPU
	EndGlobalSection
	GlobalSection(SolutionProperties) = preSolution
		HideSolutionNode = FALSE
	EndGlobalSection
	GlobalSection(ExtensibilityGlobals) = postSolution
		SolutionGuid = {7756274A-0EE1-452A-B6F3-D3A9A5BD866C}
	EndGlobalSection
EndGlobal